
Microsoft Visual Studio Solution File, Format Version 12.00
# Visual Studio Version 17
VisualStudioVersion = 17.14.36518.9 d17.14
MinimumVisualStudioVersion = 10.0.40219.1
Project("{FAE04EC0-301F-11D3-BF4B-00C04F79EFBC}") = "MoverArrays", "MoverArrays\MoverArrays.csproj", "{D76D5BCE-8627-44D5-973A-A6CBB70CBAEE}"
EndProject
Global
	GlobalSection(SolutionConfigurationPlatforms) = preSolution
		Debug|Any CPU = Debug|Any CPU
		Release|Any CPU = Release|Any CPU
	EndGlobalSection
	GlobalSection(ProjectConfigurationPlatforms) = postSolution
		{D76D5BCE-8627-44D5-973A-A6CBB70CBAEE}.Debug|Any CPU.ActiveCfg = Debug|Any CPU
		{D76D5BCE-8627-44D5-973A-A6CBB70CBAEE}.Debug|Any CPU.Build.0 = Debug|Any CPU
		{D76D5BCE-8627-44D5-973A-A6CBB70CBAEE}.Release|Any CPU.ActiveCfg = Release|Any CPU
		{D76D5BCE-8627-44D5-973A-A6CBB70CBAEE}.Release|Any CPU.Build.0 = Release|Any CPU
	EndGlobalSection
	GlobalSection(SolutionProperties) = preSolution
		HideSolutionNode = FALSE
	EndGlobalSection
	GlobalSection(ExtensibilityGlobals) = postSolution
		SolutionGuid = {8D3E3B50-72FD-457D-AD55-41EAF703D0A0}
	EndGlobalSection
EndGlobal
