
Microsoft Visual Studio Solution File, Format Version 12.00
# Visual Studio Version 17
VisualStudioVersion = 17.14.36518.9 d17.14
MinimumVisualStudioVersion = 10.0.40219.1
Project("{FAE04EC0-301F-11D3-BF4B-00C04F79EFBC}") = "CSHARPParte2", "CSHARPParte2\CSHARPParte2.csproj", "{1218B2DD-918A-4F30-BAE1-D536B13A3662}"
EndProject
Global
	GlobalSection(SolutionConfigurationPlatforms) = preSolution
		Debug|Any CPU = Debug|Any CPU
		Release|Any CPU = Release|Any CPU
	EndGlobalSection
	GlobalSection(ProjectConfigurationPlatforms) = postSolution
		{1218B2DD-918A-4F30-BAE1-D536B13A3662}.Debug|Any CPU.ActiveCfg = Debug|Any CPU
		{1218B2DD-918A-4F30-BAE1-D536B13A3662}.Debug|Any CPU.Build.0 = Debug|Any CPU
		{1218B2DD-918A-4F30-BAE1-D536B13A3662}.Release|Any CPU.ActiveCfg = Release|Any CPU
		{1218B2DD-918A-4F30-BAE1-D536B13A3662}.Release|Any CPU.Build.0 = Release|Any CPU
	EndGlobalSection
	GlobalSection(SolutionProperties) = preSolution
		HideSolutionNode = FALSE
	EndGlobalSection
	GlobalSection(ExtensibilityGlobals) = postSolution
		SolutionGuid = {7C986CA1-A812-4CF4-B43E-A468CB153EFC}
	EndGlobalSection
EndGlobal
