
Microsoft Visual Studio Solution File, Format Version 12.00
# Visual Studio Version 17
VisualStudioVersion = 17.14.36518.9 d17.14
MinimumVisualStudioVersion = 10.0.40219.1
Project("{FAE04EC0-301F-11D3-BF4B-00C04F79EFBC}") = "InventarioDeTienda", "InventarioDeTienda\InventarioDeTienda.csproj", "{7CFCF82A-1C74-4DFB-8B13-543202B8114E}"
EndProject
Global
	GlobalSection(SolutionConfigurationPlatforms) = preSolution
		Debug|Any CPU = Debug|Any CPU
		Release|Any CPU = Release|Any CPU
	EndGlobalSection
	GlobalSection(ProjectConfigurationPlatforms) = postSolution
		{7CFCF82A-1C74-4DFB-8B13-543202B8114E}.Debug|Any CPU.ActiveCfg = Debug|Any CPU
		{7CFCF82A-1C74-4DFB-8B13-543202B8114E}.Debug|Any CPU.Build.0 = Debug|Any CPU
		{7CFCF82A-1C74-4DFB-8B13-543202B8114E}.Release|Any CPU.ActiveCfg = Release|Any CPU
		{7CFCF82A-1C74-4DFB-8B13-543202B8114E}.Release|Any CPU.Build.0 = Release|Any CPU
	EndGlobalSection
	GlobalSection(SolutionProperties) = preSolution
		HideSolutionNode = FALSE
	EndGlobalSection
	GlobalSection(ExtensibilityGlobals) = postSolution
		SolutionGuid = {1460FDDB-8CD8-4196-89DB-7BD51EE99FDB}
	EndGlobalSection
EndGlobal
