
Microsoft Visual Studio Solution File, Format Version 12.00
# Visual Studio Version 17
VisualStudioVersion = 17.14.36518.9 d17.14
MinimumVisualStudioVersion = 10.0.40219.1
Project("{FAE04EC0-301F-11D3-BF4B-00C04F79EFBC}") = "repasoCSV", "repasoCSV\repasoCSV.csproj", "{3ADBB83B-4F27-4B83-A37C-0E09DEEFD457}"
EndProject
Global
	GlobalSection(SolutionConfigurationPlatforms) = preSolution
		Debug|Any CPU = Debug|Any CPU
		Release|Any CPU = Release|Any CPU
	EndGlobalSection
	GlobalSection(ProjectConfigurationPlatforms) = postSolution
		{3ADBB83B-4F27-4B83-A37C-0E09DEEFD457}.Debug|Any CPU.ActiveCfg = Debug|Any CPU
		{3ADBB83B-4F27-4B83-A37C-0E09DEEFD457}.Debug|Any CPU.Build.0 = Debug|Any CPU
		{3ADBB83B-4F27-4B83-A37C-0E09DEEFD457}.Release|Any CPU.ActiveCfg = Release|Any CPU
		{3ADBB83B-4F27-4B83-A37C-0E09DEEFD457}.Release|Any CPU.Build.0 = Release|Any CPU
	EndGlobalSection
	GlobalSection(SolutionProperties) = preSolution
		HideSolutionNode = FALSE
	EndGlobalSection
	GlobalSection(ExtensibilityGlobals) = postSolution
		SolutionGuid = {D228B28E-2C71-4D0B-9707-F426344E293B}
	EndGlobalSection
EndGlobal
