
Microsoft Visual Studio Solution File, Format Version 12.00
# Visual Studio Version 17
VisualStudioVersion = 17.14.36518.9 d17.14
MinimumVisualStudioVersion = 10.0.40219.1
Project("{FAE04EC0-301F-11D3-BF4B-00C04F79EFBC}") = "EjerciciosBasicosCSHARP", "EjerciciosBasicosCSHARP\EjerciciosBasicosCSHARP.csproj", "{B7C1D6DD-D816-41DC-AC95-C1F9E4DE7134}"
EndProject
Global
	GlobalSection(SolutionConfigurationPlatforms) = preSolution
		Debug|Any CPU = Debug|Any CPU
		Release|Any CPU = Release|Any CPU
	EndGlobalSection
	GlobalSection(ProjectConfigurationPlatforms) = postSolution
		{B7C1D6DD-D816-41DC-AC95-C1F9E4DE7134}.Debug|Any CPU.ActiveCfg = Debug|Any CPU
		{B7C1D6DD-D816-41DC-AC95-C1F9E4DE7134}.Debug|Any CPU.Build.0 = Debug|Any CPU
		{B7C1D6DD-D816-41DC-AC95-C1F9E4DE7134}.Release|Any CPU.ActiveCfg = Release|Any CPU
		{B7C1D6DD-D816-41DC-AC95-C1F9E4DE7134}.Release|Any CPU.Build.0 = Release|Any CPU
	EndGlobalSection
	GlobalSection(SolutionProperties) = preSolution
		HideSolutionNode = FALSE
	EndGlobalSection
	GlobalSection(ExtensibilityGlobals) = postSolution
		SolutionGuid = {75271BA9-6784-4C3E-B41E-DC8EBFF859CC}
	EndGlobalSection
EndGlobal
