
Microsoft Visual Studio Solution File, Format Version 12.00
# Visual Studio Version 17
VisualStudioVersion = 17.14.36518.9 d17.14
MinimumVisualStudioVersion = 10.0.40219.1
Project("{FAE04EC0-301F-11D3-BF4B-00C04F79EFBC}") = "Ejercicio14", "Ejercicio14\Ejercicio14.csproj", "{95D1473E-8BB5-4B56-BA6B-4B73B937676C}"
EndProject
Global
	GlobalSection(SolutionConfigurationPlatforms) = preSolution
		Debug|Any CPU = Debug|Any CPU
		Release|Any CPU = Release|Any CPU
	EndGlobalSection
	GlobalSection(ProjectConfigurationPlatforms) = postSolution
		{95D1473E-8BB5-4B56-BA6B-4B73B937676C}.Debug|Any CPU.ActiveCfg = Debug|Any CPU
		{95D1473E-8BB5-4B56-BA6B-4B73B937676C}.Debug|Any CPU.Build.0 = Debug|Any CPU
		{95D1473E-8BB5-4B56-BA6B-4B73B937676C}.Release|Any CPU.ActiveCfg = Release|Any CPU
		{95D1473E-8BB5-4B56-BA6B-4B73B937676C}.Release|Any CPU.Build.0 = Release|Any CPU
	EndGlobalSection
	GlobalSection(SolutionProperties) = preSolution
		HideSolutionNode = FALSE
	EndGlobalSection
	GlobalSection(ExtensibilityGlobals) = postSolution
		SolutionGuid = {E9765371-3599-4D27-B46F-C0B2CB0CB605}
	EndGlobalSection
EndGlobal
