
Microsoft Visual Studio Solution File, Format Version 12.00
# Visual Studio Version 17
VisualStudioVersion = 17.14.36518.9 d17.14
MinimumVisualStudioVersion = 10.0.40219.1
Project("{FAE04EC0-301F-11D3-BF4B-00C04F79EFBC}") = "Ejercicio10", "Ejercicio10\Ejercicio10.csproj", "{3CC01279-17ED-45D5-9414-00AF74E7CEFC}"
EndProject
Global
	GlobalSection(SolutionConfigurationPlatforms) = preSolution
		Debug|Any CPU = Debug|Any CPU
		Release|Any CPU = Release|Any CPU
	EndGlobalSection
	GlobalSection(ProjectConfigurationPlatforms) = postSolution
		{3CC01279-17ED-45D5-9414-00AF74E7CEFC}.Debug|Any CPU.ActiveCfg = Debug|Any CPU
		{3CC01279-17ED-45D5-9414-00AF74E7CEFC}.Debug|Any CPU.Build.0 = Debug|Any CPU
		{3CC01279-17ED-45D5-9414-00AF74E7CEFC}.Release|Any CPU.ActiveCfg = Release|Any CPU
		{3CC01279-17ED-45D5-9414-00AF74E7CEFC}.Release|Any CPU.Build.0 = Release|Any CPU
	EndGlobalSection
	GlobalSection(SolutionProperties) = preSolution
		HideSolutionNode = FALSE
	EndGlobalSection
	GlobalSection(ExtensibilityGlobals) = postSolution
		SolutionGuid = {C0849785-322A-47AA-BF73-B52C704BE74A}
	EndGlobalSection
EndGlobal
